
Microsoft Visual Studio Solution File, Format Version 12.00
Project("{FAE04EC0-301F-11D3-BF4B-00C04F79EFBC}") = "Medpharm", "Medpharm\Medpharm.csproj", "{DBDF2DB4-40EE-46DC-A6DF-D62B704DE3A0}"
EndProject
Global
	GlobalSection(SolutionConfigurationPlatforms) = preSolution
		Debug|Any CPU = Debug|Any CPU
		Release|Any CPU = Release|Any CPU
	EndGlobalSection
	GlobalSection(ProjectConfigurationPlatforms) = postSolution
		{DBDF2DB4-40EE-46DC-A6DF-D62B704DE3A0}.Debug|Any CPU.ActiveCfg = Debug|Any CPU
		{DBDF2DB4-40EE-46DC-A6DF-D62B704DE3A0}.Debug|Any CPU.Build.0 = Debug|Any CPU
		{DBDF2DB4-40EE-46DC-A6DF-D62B704DE3A0}.Release|Any CPU.ActiveCfg = Release|Any CPU
		{DBDF2DB4-40EE-46DC-A6DF-D62B704DE3A0}.Release|Any CPU.Build.0 = Release|Any CPU
	EndGlobalSection
EndGlobal
